
Microsoft Visual Studio Solution File, Format Version 12.00
# Visual Studio 15
VisualStudioVersion = 15.0.27703.2000
MinimumVisualStudioVersion = 10.0.40219.1
Project("{FAE04EC0-301F-11D3-BF4B-00C04F79EFBC}") = "BasicApp.Android", "BasicApp.Android\BasicApp.Android.csproj", "{C92BE47F-D33E-4CBB-8E0E-B90C94AF0B9A}"
EndProject
Project("{FAE04EC0-301F-11D3-BF4B-00C04F79EFBC}") = "BasicApp.iOS", "BasicApp.iOS\BasicApp.iOS.csproj", "{F0FFF820-5A2A-49C2-8A08-BA95CD05EF7E}"
EndProject
Project("{FAE04EC0-301F-11D3-BF4B-00C04F79EFBC}") = "BasicApp.UWP", "BasicApp.UWP\BasicApp.UWP.csproj", "{D3259217-C14A-4729-8592-231C11E3F8F3}"
EndProject
Project("{FAE04EC0-301F-11D3-BF4B-00C04F79EFBC}") = "BasicApp", "BasicApp\BasicApp.csproj", "{522F66EC-EC5B-4151-BC52-5070348B0016}"
EndProject
Global
	GlobalSection(SolutionConfigurationPlatforms) = preSolution
		Debug|Any CPU = Debug|Any CPU
		Debug|ARM = Debug|ARM
		Debug|iPhone = Debug|iPhone
		Debug|iPhoneSimulator = Debug|iPhoneSimulator
		Debug|x64 = Debug|x64
		Debug|x86 = Debug|x86
		Release|Any CPU = Release|Any CPU
		Release|ARM = Release|ARM
		Release|iPhone = Release|iPhone
		Release|iPhoneSimulator = Release|iPhoneSimulator
		Release|x64 = Release|x64
		Release|x86 = Release|x86
	EndGlobalSection
	GlobalSection(ProjectConfigurationPlatforms) = postSolution
		{C92BE47F-D33E-4CBB-8E0E-B90C94AF0B9A}.Debug|Any CPU.ActiveCfg = Debug|Any CPU
		{C92BE47F-D33E-4CBB-8E0E-B90C94AF0B9A}.Debug|Any CPU.Build.0 = Debug|Any CPU
		{C92BE47F-D33E-4CBB-8E0E-B90C94AF0B9A}.Debug|Any CPU.Deploy.0 = Debug|Any CPU
		{C92BE47F-D33E-4CBB-8E0E-B90C94AF0B9A}.Debug|ARM.ActiveCfg = Debug|Any CPU
		{C92BE47F-D33E-4CBB-8E0E-B90C94AF0B9A}.Debug|ARM.Build.0 = Debug|Any CPU
		{C92BE47F-D33E-4CBB-8E0E-B90C94AF0B9A}.Debug|ARM.Deploy.0 = Debug|Any CPU
		{C92BE47F-D33E-4CBB-8E0E-B90C94AF0B9A}.Debug|iPhone.ActiveCfg = Debug|Any CPU
		{C92BE47F-D33E-4CBB-8E0E-B90C94AF0B9A}.Debug|iPhone.Build.0 = Debug|Any CPU
		{C92BE47F-D33E-4CBB-8E0E-B90C94AF0B9A}.Debug|iPhone.Deploy.0 = Debug|Any CPU
		{C92BE47F-D33E-4CBB-8E0E-B90C94AF0B9A}.Debug|iPhoneSimulator.ActiveCfg = Debug|Any CPU
		{C92BE47F-D33E-4CBB-8E0E-B90C94AF0B9A}.Debug|iPhoneSimulator.Build.0 = Debug|Any CPU
		{C92BE47F-D33E-4CBB-8E0E-B90C94AF0B9A}.Debug|iPhoneSimulator.Deploy.0 = Debug|Any CPU
		{C92BE47F-D33E-4CBB-8E0E-B90C94AF0B9A}.Debug|x64.ActiveCfg = Debug|Any CPU
		{C92BE47F-D33E-4CBB-8E0E-B90C94AF0B9A}.Debug|x64.Build.0 = Debug|Any CPU
		{C92BE47F-D33E-4CBB-8E0E-B90C94AF0B9A}.Debug|x64.Deploy.0 = Debug|Any CPU
		{C92BE47F-D33E-4CBB-8E0E-B90C94AF0B9A}.Debug|x86.ActiveCfg = Debug|Any CPU
		{C92BE47F-D33E-4CBB-8E0E-B90C94AF0B9A}.Debug|x86.Build.0 = Debug|Any CPU
		{C92BE47F-D33E-4CBB-8E0E-B90C94AF0B9A}.Debug|x86.Deploy.0 = Debug|Any CPU
		{C92BE47F-D33E-4CBB-8E0E-B90C94AF0B9A}.Release|Any CPU.ActiveCfg = Release|Any CPU
		{C92BE47F-D33E-4CBB-8E0E-B90C94AF0B9A}.Release|Any CPU.Build.0 = Release|Any CPU
		{C92BE47F-D33E-4CBB-8E0E-B90C94AF0B9A}.Release|Any CPU.Deploy.0 = Release|Any CPU
		{C92BE47F-D33E-4CBB-8E0E-B90C94AF0B9A}.Release|ARM.ActiveCfg = Release|Any CPU
		{C92BE47F-D33E-4CBB-8E0E-B90C94AF0B9A}.Release|ARM.Build.0 = Release|Any CPU
		{C92BE47F-D33E-4CBB-8E0E-B90C94AF0B9A}.Release|ARM.Deploy.0 = Release|Any CPU
		{C92BE47F-D33E-4CBB-8E0E-B90C94AF0B9A}.Release|iPhone.ActiveCfg = Release|Any CPU
		{C92BE47F-D33E-4CBB-8E0E-B90C94AF0B9A}.Release|iPhone.Build.0 = Release|Any CPU
		{C92BE47F-D33E-4CBB-8E0E-B90C94AF0B9A}.Release|iPhone.Deploy.0 = Release|Any CPU
		{C92BE47F-D33E-4CBB-8E0E-B90C94AF0B9A}.Release|iPhoneSimulator.ActiveCfg = Release|Any CPU
		{C92BE47F-D33E-4CBB-8E0E-B90C94AF0B9A}.Release|iPhoneSimulator.Build.0 = Release|Any CPU
		{C92BE47F-D33E-4CBB-8E0E-B90C94AF0B9A}.Release|iPhoneSimulator.Deploy.0 = Release|Any CPU
		{C92BE47F-D33E-4CBB-8E0E-B90C94AF0B9A}.Release|x64.ActiveCfg = Release|Any CPU
		{C92BE47F-D33E-4CBB-8E0E-B90C94AF0B9A}.Release|x64.Build.0 = Release|Any CPU
		{C92BE47F-D33E-4CBB-8E0E-B90C94AF0B9A}.Release|x64.Deploy.0 = Release|Any CPU
		{C92BE47F-D33E-4CBB-8E0E-B90C94AF0B9A}.Release|x86.ActiveCfg = Release|Any CPU
		{C92BE47F-D33E-4CBB-8E0E-B90C94AF0B9A}.Release|x86.Build.0 = Release|Any CPU
		{C92BE47F-D33E-4CBB-8E0E-B90C94AF0B9A}.Release|x86.Deploy.0 = Release|Any CPU
		{F0FFF820-5A2A-49C2-8A08-BA95CD05EF7E}.Debug|Any CPU.ActiveCfg = Debug|iPhoneSimulator
		{F0FFF820-5A2A-49C2-8A08-BA95CD05EF7E}.Debug|Any CPU.Build.0 = Debug|iPhoneSimulator
		{F0FFF820-5A2A-49C2-8A08-BA95CD05EF7E}.Debug|Any CPU.Deploy.0 = Debug|iPhoneSimulator
		{F0FFF820-5A2A-49C2-8A08-BA95CD05EF7E}.Debug|ARM.ActiveCfg = Debug|iPhone
		{F0FFF820-5A2A-49C2-8A08-BA95CD05EF7E}.Debug|ARM.Build.0 = Debug|iPhone
		{F0FFF820-5A2A-49C2-8A08-BA95CD05EF7E}.Debug|ARM.Deploy.0 = Debug|iPhone
		{F0FFF820-5A2A-49C2-8A08-BA95CD05EF7E}.Debug|iPhone.ActiveCfg = Debug|iPhone
		{F0FFF820-5A2A-49C2-8A08-BA95CD05EF7E}.Debug|iPhone.Build.0 = Debug|iPhone
		{F0FFF820-5A2A-49C2-8A08-BA95CD05EF7E}.Debug|iPhone.Deploy.0 = Debug|iPhone
		{F0FFF820-5A2A-49C2-8A08-BA95CD05EF7E}.Debug|iPhoneSimulator.ActiveCfg = Debug|iPhoneSimulator
		{F0FFF820-5A2A-49C2-8A08-BA95CD05EF7E}.Debug|iPhoneSimulator.Build.0 = Debug|iPhoneSimulator
		{F0FFF820-5A2A-49C2-8A08-BA95CD05EF7E}.Debug|iPhoneSimulator.Deploy.0 = Debug|iPhoneSimulator
		{F0FFF820-5A2A-49C2-8A08-BA95CD05EF7E}.Debug|x64.ActiveCfg = Debug|iPhone
		{F0FFF820-5A2A-49C2-8A08-BA95CD05EF7E}.Debug|x64.Build.0 = Debug|iPhone
		{F0FFF820-5A2A-49C2-8A08-BA95CD05EF7E}.Debug|x64.Deploy.0 = Debug|iPhone
		{F0FFF820-5A2A-49C2-8A08-BA95CD05EF7E}.Debug|x86.ActiveCfg = Debug|iPhone
		{F0FFF820-5A2A-49C2-8A08-BA95CD05EF7E}.Debug|x86.Build.0 = Debug|iPhone
		{F0FFF820-5A2A-49C2-8A08-BA95CD05EF7E}.Debug|x86.Deploy.0 = Debug|iPhone
		{F0FFF820-5A2A-49C2-8A08-BA95CD05EF7E}.Release|Any CPU.ActiveCfg = Release|iPhone
		{F0FFF820-5A2A-49C2-8A08-BA95CD05EF7E}.Release|Any CPU.Build.0 = Release|iPhone
		{F0FFF820-5A2A-49C2-8A08-BA95CD05EF7E}.Release|Any CPU.Deploy.0 = Release|iPhone
		{F0FFF820-5A2A-49C2-8A08-BA95CD05EF7E}.Release|ARM.ActiveCfg = Release|iPhone
		{F0FFF820-5A2A-49C2-8A08-BA95CD05EF7E}.Release|ARM.Build.0 = Release|iPhone
		{F0FFF820-5A2A-49C2-8A08-BA95CD05EF7E}.Release|ARM.Deploy.0 = Release|iPhone
		{F0FFF820-5A2A-49C2-8A08-BA95CD05EF7E}.Release|iPhone.ActiveCfg = Release|iPhone
		{F0FFF820-5A2A-49C2-8A08-BA95CD05EF7E}.Release|iPhone.Build.0 = Release|iPhone
		{F0FFF820-5A2A-49C2-8A08-BA95CD05EF7E}.Release|iPhone.Deploy.0 = Release|iPhone
		{F0FFF820-5A2A-49C2-8A08-BA95CD05EF7E}.Release|iPhoneSimulator.ActiveCfg = Release|iPhoneSimulator
		{F0FFF820-5A2A-49C2-8A08-BA95CD05EF7E}.Release|iPhoneSimulator.Build.0 = Release|iPhoneSimulator
		{F0FFF820-5A2A-49C2-8A08-BA95CD05EF7E}.Release|iPhoneSimulator.Deploy.0 = Release|iPhoneSimulator
		{F0FFF820-5A2A-49C2-8A08-BA95CD05EF7E}.Release|x64.ActiveCfg = Release|iPhone
		{F0FFF820-5A2A-49C2-8A08-BA95CD05EF7E}.Release|x64.Build.0 = Release|iPhone
		{F0FFF820-5A2A-49C2-8A08-BA95CD05EF7E}.Release|x64.Deploy.0 = Release|iPhone
		{F0FFF820-5A2A-49C2-8A08-BA95CD05EF7E}.Release|x86.ActiveCfg = Release|iPhone
		{F0FFF820-5A2A-49C2-8A08-BA95CD05EF7E}.Release|x86.Build.0 = Release|iPhone
		{F0FFF820-5A2A-49C2-8A08-BA95CD05EF7E}.Release|x86.Deploy.0 = Release|iPhone
		{D3259217-C14A-4729-8592-231C11E3F8F3}.Debug|Any CPU.ActiveCfg = Debug|x86
		{D3259217-C14A-4729-8592-231C11E3F8F3}.Debug|Any CPU.Build.0 = Debug|x86
		{D3259217-C14A-4729-8592-231C11E3F8F3}.Debug|Any CPU.Deploy.0 = Debug|x86
		{D3259217-C14A-4729-8592-231C11E3F8F3}.Debug|ARM.ActiveCfg = Debug|ARM
		{D3259217-C14A-4729-8592-231C11E3F8F3}.Debug|ARM.Build.0 = Debug|ARM
		{D3259217-C14A-4729-8592-231C11E3F8F3}.Debug|ARM.Deploy.0 = Debug|ARM
		{D3259217-C14A-4729-8592-231C11E3F8F3}.Debug|iPhone.ActiveCfg = Debug|x86
		{D3259217-C14A-4729-8592-231C11E3F8F3}.Debug|iPhone.Build.0 = Debug|x86
		{D3259217-C14A-4729-8592-231C11E3F8F3}.Debug|iPhone.Deploy.0 = Debug|x86
		{D3259217-C14A-4729-8592-231C11E3F8F3}.Debug|iPhoneSimulator.ActiveCfg = Debug|x86
		{D3259217-C14A-4729-8592-231C11E3F8F3}.Debug|iPhoneSimulator.Build.0 = Debug|x86
		{D3259217-C14A-4729-8592-231C11E3F8F3}.Debug|iPhoneSimulator.Deploy.0 = Debug|x86
		{D3259217-C14A-4729-8592-231C11E3F8F3}.Debug|x64.ActiveCfg = Debug|x64
		{D3259217-C14A-4729-8592-231C11E3F8F3}.Debug|x64.Build.0 = Debug|x64
		{D3259217-C14A-4729-8592-231C11E3F8F3}.Debug|x64.Deploy.0 = Debug|x64
		{D3259217-C14A-4729-8592-231C11E3F8F3}.Debug|x86.ActiveCfg = Debug|x86
		{D3259217-C14A-4729-8592-231C11E3F8F3}.Debug|x86.Build.0 = Debug|x86
		{D3259217-C14A-4729-8592-231C11E3F8F3}.Debug|x86.Deploy.0 = Debug|x86
		{D3259217-C14A-4729-8592-231C11E3F8F3}.Release|Any CPU.ActiveCfg = Release|x86
		{D3259217-C14A-4729-8592-231C11E3F8F3}.Release|Any CPU.Build.0 = Release|x86
		{D3259217-C14A-4729-8592-231C11E3F8F3}.Release|Any CPU.Deploy.0 = Release|x86
		{D3259217-C14A-4729-8592-231C11E3F8F3}.Release|ARM.ActiveCfg = Release|ARM
		{D3259217-C14A-4729-8592-231C11E3F8F3}.Release|ARM.Build.0 = Release|ARM
		{D3259217-C14A-4729-8592-231C11E3F8F3}.Release|ARM.Deploy.0 = Release|ARM
		{D3259217-C14A-4729-8592-231C11E3F8F3}.Release|iPhone.ActiveCfg = Release|x86
		{D3259217-C14A-4729-8592-231C11E3F8F3}.Release|iPhone.Build.0 = Release|x86
		{D3259217-C14A-4729-8592-231C11E3F8F3}.Release|iPhone.Deploy.0 = Release|x86
		{D3259217-C14A-4729-8592-231C11E3F8F3}.Release|iPhoneSimulator.ActiveCfg = Release|x86
		{D3259217-C14A-4729-8592-231C11E3F8F3}.Release|iPhoneSimulator.Build.0 = Release|x86
		{D3259217-C14A-4729-8592-231C11E3F8F3}.Release|iPhoneSimulator.Deploy.0 = Release|x86
		{D3259217-C14A-4729-8592-231C11E3F8F3}.Release|x64.ActiveCfg = Release|x64
		{D3259217-C14A-4729-8592-231C11E3F8F3}.Release|x64.Build.0 = Release|x64
		{D3259217-C14A-4729-8592-231C11E3F8F3}.Release|x64.Deploy.0 = Release|x64
		{D3259217-C14A-4729-8592-231C11E3F8F3}.Release|x86.ActiveCfg = Release|x86
		{D3259217-C14A-4729-8592-231C11E3F8F3}.Release|x86.Build.0 = Release|x86
		{D3259217-C14A-4729-8592-231C11E3F8F3}.Release|x86.Deploy.0 = Release|x86
		{522F66EC-EC5B-4151-BC52-5070348B0016}.Debug|Any CPU.ActiveCfg = Debug|Any CPU
		{522F66EC-EC5B-4151-BC52-5070348B0016}.Debug|Any CPU.Build.0 = Debug|Any CPU
		{522F66EC-EC5B-4151-BC52-5070348B0016}.Debug|Any CPU.Deploy.0 = Debug|Any CPU
		{522F66EC-EC5B-4151-BC52-5070348B0016}.Debug|ARM.ActiveCfg = Debug|Any CPU
		{522F66EC-EC5B-4151-BC52-5070348B0016}.Debug|ARM.Build.0 = Debug|Any CPU
		{522F66EC-EC5B-4151-BC52-5070348B0016}.Debug|ARM.Deploy.0 = Debug|Any CPU
		{522F66EC-EC5B-4151-BC52-5070348B0016}.Debug|iPhone.ActiveCfg = Debug|Any CPU
		{522F66EC-EC5B-4151-BC52-5070348B0016}.Debug|iPhone.Build.0 = Debug|Any CPU
		{522F66EC-EC5B-4151-BC52-5070348B0016}.Debug|iPhone.Deploy.0 = Debug|Any CPU
		{522F66EC-EC5B-4151-BC52-5070348B0016}.Debug|iPhoneSimulator.ActiveCfg = Debug|Any CPU
		{522F66EC-EC5B-4151-BC52-5070348B0016}.Debug|iPhoneSimulator.Build.0 = Debug|Any CPU
		{522F66EC-EC5B-4151-BC52-5070348B0016}.Debug|iPhoneSimulator.Deploy.0 = Debug|Any CPU
		{522F66EC-EC5B-4151-BC52-5070348B0016}.Debug|x64.ActiveCfg = Debug|Any CPU
		{522F66EC-EC5B-4151-BC52-5070348B0016}.Debug|x64.Build.0 = Debug|Any CPU
		{522F66EC-EC5B-4151-BC52-5070348B0016}.Debug|x64.Deploy.0 = Debug|Any CPU
		{522F66EC-EC5B-4151-BC52-5070348B0016}.Debug|x86.ActiveCfg = Debug|Any CPU
		{522F66EC-EC5B-4151-BC52-5070348B0016}.Debug|x86.Build.0 = Debug|Any CPU
		{522F66EC-EC5B-4151-BC52-5070348B0016}.Debug|x86.Deploy.0 = Debug|Any CPU
		{522F66EC-EC5B-4151-BC52-5070348B0016}.Release|Any CPU.ActiveCfg = Release|Any CPU
		{522F66EC-EC5B-4151-BC52-5070348B0016}.Release|Any CPU.Build.0 = Release|Any CPU
		{522F66EC-EC5B-4151-BC52-5070348B0016}.Release|Any CPU.Deploy.0 = Release|Any CPU
		{522F66EC-EC5B-4151-BC52-5070348B0016}.Release|ARM.ActiveCfg = Release|Any CPU
		{522F66EC-EC5B-4151-BC52-5070348B0016}.Release|ARM.Build.0 = Release|Any CPU
		{522F66EC-EC5B-4151-BC52-5070348B0016}.Release|ARM.Deploy.0 = Release|Any CPU
		{522F66EC-EC5B-4151-BC52-5070348B0016}.Release|iPhone.ActiveCfg = Release|Any CPU
		{522F66EC-EC5B-4151-BC52-5070348B0016}.Release|iPhone.Build.0 = Release|Any CPU
		{522F66EC-EC5B-4151-BC52-5070348B0016}.Release|iPhone.Deploy.0 = Release|Any CPU
		{522F66EC-EC5B-4151-BC52-5070348B0016}.Release|iPhoneSimulator.ActiveCfg = Release|Any CPU
		{522F66EC-EC5B-4151-BC52-5070348B0016}.Release|iPhoneSimulator.Build.0 = Release|Any CPU
		{522F66EC-EC5B-4151-BC52-5070348B0016}.Release|iPhoneSimulator.Deploy.0 = Release|Any CPU
		{522F66EC-EC5B-4151-BC52-5070348B0016}.Release|x64.ActiveCfg = Release|Any CPU
		{522F66EC-EC5B-4151-BC52-5070348B0016}.Release|x64.Build.0 = Release|Any CPU
		{522F66EC-EC5B-4151-BC52-5070348B0016}.Release|x64.Deploy.0 = Release|Any CPU
		{522F66EC-EC5B-4151-BC52-5070348B0016}.Release|x86.ActiveCfg = Release|Any CPU
		{522F66EC-EC5B-4151-BC52-5070348B0016}.Release|x86.Build.0 = Release|Any CPU
		{522F66EC-EC5B-4151-BC52-5070348B0016}.Release|x86.Deploy.0 = Release|Any CPU
	EndGlobalSection
	GlobalSection(SolutionProperties) = preSolution
		HideSolutionNode = FALSE
	EndGlobalSection
	GlobalSection(ExtensibilityGlobals) = postSolution
		SolutionGuid = {B7F605D6-1B70-43A6-99CB-D01AEB663544}
	EndGlobalSection
EndGlobal
